
Microsoft Visual Studio Solution File, Format Version 12.00
# Visual Studio Version 17
VisualStudioVersion = 17.5.33502.453
MinimumVisualStudioVersion = 10.0.40219.1
Project("{9A19103F-16F7-4668-BE54-9A1E7A4F7556}") = "WebApplicationASP", "WebApplicationASP.csproj", "{F34AFFAF-EB49-4AA9-87F3-01E7BFC39BD7}"
EndProject
Global
	GlobalSection(SolutionConfigurationPlatforms) = preSolution
		Debug|Any CPU = Debug|Any CPU
		Release|Any CPU = Release|Any CPU
	EndGlobalSection
	GlobalSection(ProjectConfigurationPlatforms) = postSolution
		{F34AFFAF-EB49-4AA9-87F3-01E7BFC39BD7}.Debug|Any CPU.ActiveCfg = Debug|Any CPU
		{F34AFFAF-EB49-4AA9-87F3-01E7BFC39BD7}.Debug|Any CPU.Build.0 = Debug|Any CPU
		{F34AFFAF-EB49-4AA9-87F3-01E7BFC39BD7}.Release|Any CPU.ActiveCfg = Release|Any CPU
		{F34AFFAF-EB49-4AA9-87F3-01E7BFC39BD7}.Release|Any CPU.Build.0 = Release|Any CPU
	EndGlobalSection
	GlobalSection(SolutionProperties) = preSolution
		HideSolutionNode = FALSE
	EndGlobalSection
	GlobalSection(ExtensibilityGlobals) = postSolution
		SolutionGuid = {8BEB5E21-066F-48A6-9A51-44A86C20AD6E}
	EndGlobalSection
EndGlobal
